--- 
specs: 
- rake: 
    version: 0.8.7
- activesupport: 
    version: 2.3.5
- rack: 
    version: 1.0.1
- actionpack: 
    version: 2.3.5
- actionmailer: 
    version: 2.3.5
- activerecord: 
    version: 2.3.5
- activeresource: 
    version: 2.3.5
- authlogic: 
    version: 2.1.6
- columnize: 
    version: 0.3.1
- factory_girl: 
    version: 1.2.4
- linecache: 
    version: "0.43"
- mysql: 
    version: 2.8.1
- pg: 
    version: 0.9.0
- rails: 
    version: 2.3.5
- rspec: 
    version: 1.3.0
- rspec-rails: 
    version: 1.3.2
- ruby-debug-base: 
    version: 0.10.3
- ruby-debug: 
    version: 0.10.3
- ruby-prof: 
    version: 0.8.2
- settingslogic: 
    version: 2.0.6
- spork: 
    version: 0.8.4
- wdd-ruby-ext: 
    version: 0.0.10
hash: 71e5cdf7431e9274cb3a419d4a5ec7328ca78314
sources: 
- Rubygems: 
    uri: http://gemcutter.org
dependencies: 
  ruby-debug: 
    version: ">= 0"
    group: 
    - :test
  spork: 
    version: = 0.8.4
    group: 
    - :test
    - :profile
  pg: 
    version: ">= 0"
    group: 
    - :default
  rails: 
    version: = 2.3.5
    group: 
    - :default
  rspec: 
    version: ">= 0"
    group: 
    - :test
    - :profile
  mysql: 
    version: = 2.8.1
    group: 
    - :default
  authlogic: 
    version: ">= 0"
    group: 
    - :default
  wdd-ruby-ext: 
    version: ">= 0"
    group: 
    - :default
  ruby-prof: 
    version: ">= 0"
    group: 
    - :default
  rspec-rails: 
    version: ">= 0"
    group: 
    - :test
    - :profile
  factory_girl: 
    version: = 1.2.4
    group: 
    - :test
    - :profile
    - :development
  settingslogic: 
    version: ">= 0"
    group: 
    - :default
